
Microsoft Visual Studio Solution File, Format Version 12.00
# Visual Studio Version 16
VisualStudioVersion = 16.0.31729.503
MinimumVisualStudioVersion = 10.0.40219.1
Project("{8BC9CEB8-8B4A-11D0-8D11-00A0C91BC942}") = "cpp_notes", "cpp_notes\cpp_notes.vcxproj", "{04FDC467-038A-4651-B128-5AB8DCD18408}"
EndProject
Project("{2150E333-8FDC-42A3-9474-1A3956D46DE8}") = "LJF_cpp_notes", "LJF_cpp_notes", "{A538F72B-B63A-4B31-954F-D76D20421305}"
EndProject
Project("{8BC9CEB8-8B4A-11D0-8D11-00A0C91BC942}") = "LJF_cpp_notes_01", "LJF_cpp_notes_01\LJF_cpp_notes_01.vcxproj", "{8F057465-5577-42DF-8684-9CD05B2B19C0}"
EndProject
Project("{8BC9CEB8-8B4A-11D0-8D11-00A0C91BC942}") = "LJF_cpp_notes_02", "LJF_cpp_notes_02\LJF_cpp_notes_02.vcxproj", "{6062B3DF-7208-40EC-9DBE-8CF0067341F8}"
EndProject
Project("{8BC9CEB8-8B4A-11D0-8D11-00A0C91BC942}") = "LJF_cpp_notes_03", "LJF_cpp_notes_03\LJF_cpp_notes_03.vcxproj", "{7ABC7ACE-5FFA-4591-B715-35C51C93D0AD}"
EndProject
Project("{8BC9CEB8-8B4A-11D0-8D11-00A0C91BC942}") = "LJF_cpp_notes_04", "LJF_cpp_notes_04\LJF_cpp_notes_04.vcxproj", "{C0644CBA-2073-49A8-9C9C-DB5CF1DB91C7}"
EndProject
Project("{8BC9CEB8-8B4A-11D0-8D11-00A0C91BC942}") = "LJF_cpp_notes_05", "LJF_cpp_notes_05\LJF_cpp_notes_05.vcxproj", "{FAE7E9FB-3F89-4B26-85B6-81D750A87425}"
EndProject
Project("{8BC9CEB8-8B4A-11D0-8D11-00A0C91BC942}") = "LJF_cpp_notes_06", "LJF_cpp_notes_06\LJF_cpp_notes_06.vcxproj", "{FA6DE321-3B78-4B8D-A1E7-04BDFF677508}"
EndProject
Project("{8BC9CEB8-8B4A-11D0-8D11-00A0C91BC942}") = "LJF_cpp_notes_07", "LJF_cpp_notes_07\LJF_cpp_notes_07.vcxproj", "{FE7662DC-61D3-4EED-8F6D-D107DBD38F4E}"
EndProject
Project("{2150E333-8FDC-42A3-9474-1A3956D46DE8}") = "cpp_primer", "cpp_primer", "{B524504D-3ACC-4283-8273-78BA6F6B89EC}"
EndProject
Project("{2150E333-8FDC-42A3-9474-1A3956D46DE8}") = "cpp_standard", "cpp_standard", "{EC8E5CD3-E977-48F1-A5BB-AE14F4402550}"
EndProject
Project("{2150E333-8FDC-42A3-9474-1A3956D46DE8}") = "cpp_object_model", "cpp_object_model", "{849C548D-B8C3-4C9A-8A78-C53AA6D0BCE5}"
EndProject
Project("{8BC9CEB8-8B4A-11D0-8D11-00A0C91BC942}") = "cpp_standard_01", "cpp_standard_01\cpp_standard_01.vcxproj", "{21A0B6D3-581E-40F1-AEA0-AABAB725C94D}"
EndProject
Project("{8BC9CEB8-8B4A-11D0-8D11-00A0C91BC942}") = "cpp_standard_02", "cpp_standard_02\cpp_standard_02.vcxproj", "{84D27F64-67FB-400D-8C6E-69DF1F15FC4B}"
EndProject
Project("{8BC9CEB8-8B4A-11D0-8D11-00A0C91BC942}") = "cpp_standard_03", "cpp_standard_03\cpp_standard_03.vcxproj", "{2215ABF3-C4CE-4B04-B06D-05CC9DD58C0E}"
EndProject
Project("{8BC9CEB8-8B4A-11D0-8D11-00A0C91BC942}") = "cpp_standard_04", "cpp_standard_04\cpp_standard_04.vcxproj", "{282AE9A8-6B74-4E69-8BF3-6DE2B9DFAF67}"
EndProject
Project("{8BC9CEB8-8B4A-11D0-8D11-00A0C91BC942}") = "cpp_standard_05", "cpp_standard_05\cpp_standard_05.vcxproj", "{278BF479-95AE-4BED-93B0-51E01CB2DE98}"
EndProject
Project("{8BC9CEB8-8B4A-11D0-8D11-00A0C91BC942}") = "cpp_standard_06", "cpp_standard_06\cpp_standard_06.vcxproj", "{AE4B6A85-25FC-4F5F-9CB0-7CC6CA01C2A4}"
EndProject
Project("{8BC9CEB8-8B4A-11D0-8D11-00A0C91BC942}") = "cpp_object_model_01", "cpp_object_model_01\cpp_object_model_01.vcxproj", "{8084C42B-17D3-4DAF-AF17-3A9A5F308F93}"
EndProject
Global
	GlobalSection(SolutionConfigurationPlatforms) = preSolution
		Debug|x64 = Debug|x64
		Debug|x86 = Debug|x86
		Release|x64 = Release|x64
		Release|x86 = Release|x86
	EndGlobalSection
	GlobalSection(ProjectConfigurationPlatforms) = postSolution
		{04FDC467-038A-4651-B128-5AB8DCD18408}.Debug|x64.ActiveCfg = Debug|x64
		{04FDC467-038A-4651-B128-5AB8DCD18408}.Debug|x64.Build.0 = Debug|x64
		{04FDC467-038A-4651-B128-5AB8DCD18408}.Debug|x86.ActiveCfg = Debug|Win32
		{04FDC467-038A-4651-B128-5AB8DCD18408}.Debug|x86.Build.0 = Debug|Win32
		{04FDC467-038A-4651-B128-5AB8DCD18408}.Release|x64.ActiveCfg = Release|x64
		{04FDC467-038A-4651-B128-5AB8DCD18408}.Release|x64.Build.0 = Release|x64
		{04FDC467-038A-4651-B128-5AB8DCD18408}.Release|x86.ActiveCfg = Release|Win32
		{04FDC467-038A-4651-B128-5AB8DCD18408}.Release|x86.Build.0 = Release|Win32
		{8F057465-5577-42DF-8684-9CD05B2B19C0}.Debug|x64.ActiveCfg = Debug|x64
		{8F057465-5577-42DF-8684-9CD05B2B19C0}.Debug|x64.Build.0 = Debug|x64
		{8F057465-5577-42DF-8684-9CD05B2B19C0}.Debug|x86.ActiveCfg = Debug|Win32
		{8F057465-5577-42DF-8684-9CD05B2B19C0}.Debug|x86.Build.0 = Debug|Win32
		{8F057465-5577-42DF-8684-9CD05B2B19C0}.Release|x64.ActiveCfg = Release|x64
		{8F057465-5577-42DF-8684-9CD05B2B19C0}.Release|x64.Build.0 = Release|x64
		{8F057465-5577-42DF-8684-9CD05B2B19C0}.Release|x86.ActiveCfg = Release|Win32
		{8F057465-5577-42DF-8684-9CD05B2B19C0}.Release|x86.Build.0 = Release|Win32
		{6062B3DF-7208-40EC-9DBE-8CF0067341F8}.Debug|x64.ActiveCfg = Debug|x64
		{6062B3DF-7208-40EC-9DBE-8CF0067341F8}.Debug|x64.Build.0 = Debug|x64
		{6062B3DF-7208-40EC-9DBE-8CF0067341F8}.Debug|x86.ActiveCfg = Debug|Win32
		{6062B3DF-7208-40EC-9DBE-8CF0067341F8}.Debug|x86.Build.0 = Debug|Win32
		{6062B3DF-7208-40EC-9DBE-8CF0067341F8}.Release|x64.ActiveCfg = Release|x64
		{6062B3DF-7208-40EC-9DBE-8CF0067341F8}.Release|x64.Build.0 = Release|x64
		{6062B3DF-7208-40EC-9DBE-8CF0067341F8}.Release|x86.ActiveCfg = Release|Win32
		{6062B3DF-7208-40EC-9DBE-8CF0067341F8}.Release|x86.Build.0 = Release|Win32
		{7ABC7ACE-5FFA-4591-B715-35C51C93D0AD}.Debug|x64.ActiveCfg = Debug|x64
		{7ABC7ACE-5FFA-4591-B715-35C51C93D0AD}.Debug|x64.Build.0 = Debug|x64
		{7ABC7ACE-5FFA-4591-B715-35C51C93D0AD}.Debug|x86.ActiveCfg = Debug|Win32
		{7ABC7ACE-5FFA-4591-B715-35C51C93D0AD}.Debug|x86.Build.0 = Debug|Win32
		{7ABC7ACE-5FFA-4591-B715-35C51C93D0AD}.Release|x64.ActiveCfg = Release|x64
		{7ABC7ACE-5FFA-4591-B715-35C51C93D0AD}.Release|x64.Build.0 = Release|x64
		{7ABC7ACE-5FFA-4591-B715-35C51C93D0AD}.Release|x86.ActiveCfg = Release|Win32
		{7ABC7ACE-5FFA-4591-B715-35C51C93D0AD}.Release|x86.Build.0 = Release|Win32
		{C0644CBA-2073-49A8-9C9C-DB5CF1DB91C7}.Debug|x64.ActiveCfg = Debug|x64
		{C0644CBA-2073-49A8-9C9C-DB5CF1DB91C7}.Debug|x64.Build.0 = Debug|x64
		{C0644CBA-2073-49A8-9C9C-DB5CF1DB91C7}.Debug|x86.ActiveCfg = Debug|Win32
		{C0644CBA-2073-49A8-9C9C-DB5CF1DB91C7}.Debug|x86.Build.0 = Debug|Win32
		{C0644CBA-2073-49A8-9C9C-DB5CF1DB91C7}.Release|x64.ActiveCfg = Release|x64
		{C0644CBA-2073-49A8-9C9C-DB5CF1DB91C7}.Release|x64.Build.0 = Release|x64
		{C0644CBA-2073-49A8-9C9C-DB5CF1DB91C7}.Release|x86.ActiveCfg = Release|Win32
		{C0644CBA-2073-49A8-9C9C-DB5CF1DB91C7}.Release|x86.Build.0 = Release|Win32
		{FAE7E9FB-3F89-4B26-85B6-81D750A87425}.Debug|x64.ActiveCfg = Debug|x64
		{FAE7E9FB-3F89-4B26-85B6-81D750A87425}.Debug|x64.Build.0 = Debug|x64
		{FAE7E9FB-3F89-4B26-85B6-81D750A87425}.Debug|x86.ActiveCfg = Debug|Win32
		{FAE7E9FB-3F89-4B26-85B6-81D750A87425}.Debug|x86.Build.0 = Debug|Win32
		{FAE7E9FB-3F89-4B26-85B6-81D750A87425}.Release|x64.ActiveCfg = Release|x64
		{FAE7E9FB-3F89-4B26-85B6-81D750A87425}.Release|x64.Build.0 = Release|x64
		{FAE7E9FB-3F89-4B26-85B6-81D750A87425}.Release|x86.ActiveCfg = Release|Win32
		{FAE7E9FB-3F89-4B26-85B6-81D750A87425}.Release|x86.Build.0 = Release|Win32
		{FA6DE321-3B78-4B8D-A1E7-04BDFF677508}.Debug|x64.ActiveCfg = Debug|x64
		{FA6DE321-3B78-4B8D-A1E7-04BDFF677508}.Debug|x64.Build.0 = Debug|x64
		{FA6DE321-3B78-4B8D-A1E7-04BDFF677508}.Debug|x86.ActiveCfg = Debug|Win32
		{FA6DE321-3B78-4B8D-A1E7-04BDFF677508}.Debug|x86.Build.0 = Debug|Win32
		{FA6DE321-3B78-4B8D-A1E7-04BDFF677508}.Release|x64.ActiveCfg = Release|x64
		{FA6DE321-3B78-4B8D-A1E7-04BDFF677508}.Release|x64.Build.0 = Release|x64
		{FA6DE321-3B78-4B8D-A1E7-04BDFF677508}.Release|x86.ActiveCfg = Release|Win32
		{FA6DE321-3B78-4B8D-A1E7-04BDFF677508}.Release|x86.Build.0 = Release|Win32
		{FE7662DC-61D3-4EED-8F6D-D107DBD38F4E}.Debug|x64.ActiveCfg = Debug|x64
		{FE7662DC-61D3-4EED-8F6D-D107DBD38F4E}.Debug|x64.Build.0 = Debug|x64
		{FE7662DC-61D3-4EED-8F6D-D107DBD38F4E}.Debug|x86.ActiveCfg = Debug|Win32
		{FE7662DC-61D3-4EED-8F6D-D107DBD38F4E}.Debug|x86.Build.0 = Debug|Win32
		{FE7662DC-61D3-4EED-8F6D-D107DBD38F4E}.Release|x64.ActiveCfg = Release|x64
		{FE7662DC-61D3-4EED-8F6D-D107DBD38F4E}.Release|x64.Build.0 = Release|x64
		{FE7662DC-61D3-4EED-8F6D-D107DBD38F4E}.Release|x86.ActiveCfg = Release|Win32
		{FE7662DC-61D3-4EED-8F6D-D107DBD38F4E}.Release|x86.Build.0 = Release|Win32
		{21A0B6D3-581E-40F1-AEA0-AABAB725C94D}.Debug|x64.ActiveCfg = Debug|x64
		{21A0B6D3-581E-40F1-AEA0-AABAB725C94D}.Debug|x64.Build.0 = Debug|x64
		{21A0B6D3-581E-40F1-AEA0-AABAB725C94D}.Debug|x86.ActiveCfg = Debug|Win32
		{21A0B6D3-581E-40F1-AEA0-AABAB725C94D}.Debug|x86.Build.0 = Debug|Win32
		{21A0B6D3-581E-40F1-AEA0-AABAB725C94D}.Release|x64.ActiveCfg = Release|x64
		{21A0B6D3-581E-40F1-AEA0-AABAB725C94D}.Release|x64.Build.0 = Release|x64
		{21A0B6D3-581E-40F1-AEA0-AABAB725C94D}.Release|x86.ActiveCfg = Release|Win32
		{21A0B6D3-581E-40F1-AEA0-AABAB725C94D}.Release|x86.Build.0 = Release|Win32
		{84D27F64-67FB-400D-8C6E-69DF1F15FC4B}.Debug|x64.ActiveCfg = Debug|x64
		{84D27F64-67FB-400D-8C6E-69DF1F15FC4B}.Debug|x64.Build.0 = Debug|x64
		{84D27F64-67FB-400D-8C6E-69DF1F15FC4B}.Debug|x86.ActiveCfg = Debug|Win32
		{84D27F64-67FB-400D-8C6E-69DF1F15FC4B}.Debug|x86.Build.0 = Debug|Win32
		{84D27F64-67FB-400D-8C6E-69DF1F15FC4B}.Release|x64.ActiveCfg = Release|x64
		{84D27F64-67FB-400D-8C6E-69DF1F15FC4B}.Release|x64.Build.0 = Release|x64
		{84D27F64-67FB-400D-8C6E-69DF1F15FC4B}.Release|x86.ActiveCfg = Release|Win32
		{84D27F64-67FB-400D-8C6E-69DF1F15FC4B}.Release|x86.Build.0 = Release|Win32
		{2215ABF3-C4CE-4B04-B06D-05CC9DD58C0E}.Debug|x64.ActiveCfg = Debug|x64
		{2215ABF3-C4CE-4B04-B06D-05CC9DD58C0E}.Debug|x64.Build.0 = Debug|x64
		{2215ABF3-C4CE-4B04-B06D-05CC9DD58C0E}.Debug|x86.ActiveCfg = Debug|Win32
		{2215ABF3-C4CE-4B04-B06D-05CC9DD58C0E}.Debug|x86.Build.0 = Debug|Win32
		{2215ABF3-C4CE-4B04-B06D-05CC9DD58C0E}.Release|x64.ActiveCfg = Release|x64
		{2215ABF3-C4CE-4B04-B06D-05CC9DD58C0E}.Release|x64.Build.0 = Release|x64
		{2215ABF3-C4CE-4B04-B06D-05CC9DD58C0E}.Release|x86.ActiveCfg = Release|Win32
		{2215ABF3-C4CE-4B04-B06D-05CC9DD58C0E}.Release|x86.Build.0 = Release|Win32
		{282AE9A8-6B74-4E69-8BF3-6DE2B9DFAF67}.Debug|x64.ActiveCfg = Debug|x64
		{282AE9A8-6B74-4E69-8BF3-6DE2B9DFAF67}.Debug|x64.Build.0 = Debug|x64
		{282AE9A8-6B74-4E69-8BF3-6DE2B9DFAF67}.Debug|x86.ActiveCfg = Debug|Win32
		{282AE9A8-6B74-4E69-8BF3-6DE2B9DFAF67}.Debug|x86.Build.0 = Debug|Win32
		{282AE9A8-6B74-4E69-8BF3-6DE2B9DFAF67}.Release|x64.ActiveCfg = Release|x64
		{282AE9A8-6B74-4E69-8BF3-6DE2B9DFAF67}.Release|x64.Build.0 = Release|x64
		{282AE9A8-6B74-4E69-8BF3-6DE2B9DFAF67}.Release|x86.ActiveCfg = Release|Win32
		{282AE9A8-6B74-4E69-8BF3-6DE2B9DFAF67}.Release|x86.Build.0 = Release|Win32
		{278BF479-95AE-4BED-93B0-51E01CB2DE98}.Debug|x64.ActiveCfg = Debug|x64
		{278BF479-95AE-4BED-93B0-51E01CB2DE98}.Debug|x64.Build.0 = Debug|x64
		{278BF479-95AE-4BED-93B0-51E01CB2DE98}.Debug|x86.ActiveCfg = Debug|Win32
		{278BF479-95AE-4BED-93B0-51E01CB2DE98}.Debug|x86.Build.0 = Debug|Win32
		{278BF479-95AE-4BED-93B0-51E01CB2DE98}.Release|x64.ActiveCfg = Release|x64
		{278BF479-95AE-4BED-93B0-51E01CB2DE98}.Release|x64.Build.0 = Release|x64
		{278BF479-95AE-4BED-93B0-51E01CB2DE98}.Release|x86.ActiveCfg = Release|Win32
		{278BF479-95AE-4BED-93B0-51E01CB2DE98}.Release|x86.Build.0 = Release|Win32
		{AE4B6A85-25FC-4F5F-9CB0-7CC6CA01C2A4}.Debug|x64.ActiveCfg = Debug|x64
		{AE4B6A85-25FC-4F5F-9CB0-7CC6CA01C2A4}.Debug|x64.Build.0 = Debug|x64
		{AE4B6A85-25FC-4F5F-9CB0-7CC6CA01C2A4}.Debug|x86.ActiveCfg = Debug|Win32
		{AE4B6A85-25FC-4F5F-9CB0-7CC6CA01C2A4}.Debug|x86.Build.0 = Debug|Win32
		{AE4B6A85-25FC-4F5F-9CB0-7CC6CA01C2A4}.Release|x64.ActiveCfg = Release|x64
		{AE4B6A85-25FC-4F5F-9CB0-7CC6CA01C2A4}.Release|x64.Build.0 = Release|x64
		{AE4B6A85-25FC-4F5F-9CB0-7CC6CA01C2A4}.Release|x86.ActiveCfg = Release|Win32
		{AE4B6A85-25FC-4F5F-9CB0-7CC6CA01C2A4}.Release|x86.Build.0 = Release|Win32
		{8084C42B-17D3-4DAF-AF17-3A9A5F308F93}.Debug|x64.ActiveCfg = Debug|x64
		{8084C42B-17D3-4DAF-AF17-3A9A5F308F93}.Debug|x64.Build.0 = Debug|x64
		{8084C42B-17D3-4DAF-AF17-3A9A5F308F93}.Debug|x86.ActiveCfg = Debug|Win32
		{8084C42B-17D3-4DAF-AF17-3A9A5F308F93}.Debug|x86.Build.0 = Debug|Win32
		{8084C42B-17D3-4DAF-AF17-3A9A5F308F93}.Release|x64.ActiveCfg = Release|x64
		{8084C42B-17D3-4DAF-AF17-3A9A5F308F93}.Release|x64.Build.0 = Release|x64
		{8084C42B-17D3-4DAF-AF17-3A9A5F308F93}.Release|x86.ActiveCfg = Release|Win32
		{8084C42B-17D3-4DAF-AF17-3A9A5F308F93}.Release|x86.Build.0 = Release|Win32
	EndGlobalSection
	GlobalSection(SolutionProperties) = preSolution
		HideSolutionNode = FALSE
	EndGlobalSection
	GlobalSection(NestedProjects) = preSolution
		{8F057465-5577-42DF-8684-9CD05B2B19C0} = {A538F72B-B63A-4B31-954F-D76D20421305}
		{6062B3DF-7208-40EC-9DBE-8CF0067341F8} = {A538F72B-B63A-4B31-954F-D76D20421305}
		{7ABC7ACE-5FFA-4591-B715-35C51C93D0AD} = {A538F72B-B63A-4B31-954F-D76D20421305}
		{C0644CBA-2073-49A8-9C9C-DB5CF1DB91C7} = {A538F72B-B63A-4B31-954F-D76D20421305}
		{FAE7E9FB-3F89-4B26-85B6-81D750A87425} = {A538F72B-B63A-4B31-954F-D76D20421305}
		{FA6DE321-3B78-4B8D-A1E7-04BDFF677508} = {A538F72B-B63A-4B31-954F-D76D20421305}
		{FE7662DC-61D3-4EED-8F6D-D107DBD38F4E} = {A538F72B-B63A-4B31-954F-D76D20421305}
		{21A0B6D3-581E-40F1-AEA0-AABAB725C94D} = {EC8E5CD3-E977-48F1-A5BB-AE14F4402550}
		{84D27F64-67FB-400D-8C6E-69DF1F15FC4B} = {EC8E5CD3-E977-48F1-A5BB-AE14F4402550}
		{2215ABF3-C4CE-4B04-B06D-05CC9DD58C0E} = {EC8E5CD3-E977-48F1-A5BB-AE14F4402550}
		{282AE9A8-6B74-4E69-8BF3-6DE2B9DFAF67} = {EC8E5CD3-E977-48F1-A5BB-AE14F4402550}
		{278BF479-95AE-4BED-93B0-51E01CB2DE98} = {EC8E5CD3-E977-48F1-A5BB-AE14F4402550}
		{AE4B6A85-25FC-4F5F-9CB0-7CC6CA01C2A4} = {EC8E5CD3-E977-48F1-A5BB-AE14F4402550}
		{8084C42B-17D3-4DAF-AF17-3A9A5F308F93} = {849C548D-B8C3-4C9A-8A78-C53AA6D0BCE5}
	EndGlobalSection
	GlobalSection(ExtensibilityGlobals) = postSolution
		SolutionGuid = {E565ADE4-3CD2-4332-93B5-4D52C1466262}
	EndGlobalSection
EndGlobal
